
Microsoft Visual Studio Solution File, Format Version 12.00
# Visual Studio 15
VisualStudioVersion = 15.0.28307.136
MinimumVisualStudioVersion = 10.0.40219.1
Project("{FAE04EC0-301F-11D3-BF4B-00C04F79EFBC}") = "SpeakingScience.Users.Core", "SpeakingScience.Users.Core\SpeakingScience.Users.Core.csproj", "{37B7D453-1642-478B-AA48-70036A8608FC}"
EndProject
Project("{FAE04EC0-301F-11D3-BF4B-00C04F79EFBC}") = "SpeakingScience.Users.Data", "..\SpeakingScience.Users.Data\SpeakingScience.Users.Data\SpeakingScience.Users.Data.csproj", "{F0A53450-1888-47E3-B762-F7484575B182}"
EndProject
Project("{FAE04EC0-301F-11D3-BF4B-00C04F79EFBC}") = "SpeakingScience.Users.Test", "..\SpeakingScience.Users.Test\SpeakingScience.Users.Test\SpeakingScience.Users.Test.csproj", "{A607CA49-D8A2-4F0F-BB94-7B2485C438B6}"
EndProject
Global
	GlobalSection(SolutionConfigurationPlatforms) = preSolution
		Debug|Any CPU = Debug|Any CPU
		Release|Any CPU = Release|Any CPU
	EndGlobalSection
	GlobalSection(ProjectConfigurationPlatforms) = postSolution
		{37B7D453-1642-478B-AA48-70036A8608FC}.Debug|Any CPU.ActiveCfg = Debug|Any CPU
		{37B7D453-1642-478B-AA48-70036A8608FC}.Debug|Any CPU.Build.0 = Debug|Any CPU
		{37B7D453-1642-478B-AA48-70036A8608FC}.Release|Any CPU.ActiveCfg = Release|Any CPU
		{37B7D453-1642-478B-AA48-70036A8608FC}.Release|Any CPU.Build.0 = Release|Any CPU
		{F0A53450-1888-47E3-B762-F7484575B182}.Debug|Any CPU.ActiveCfg = Debug|Any CPU
		{F0A53450-1888-47E3-B762-F7484575B182}.Debug|Any CPU.Build.0 = Debug|Any CPU
		{F0A53450-1888-47E3-B762-F7484575B182}.Release|Any CPU.ActiveCfg = Release|Any CPU
		{F0A53450-1888-47E3-B762-F7484575B182}.Release|Any CPU.Build.0 = Release|Any CPU
		{A607CA49-D8A2-4F0F-BB94-7B2485C438B6}.Debug|Any CPU.ActiveCfg = Debug|Any CPU
		{A607CA49-D8A2-4F0F-BB94-7B2485C438B6}.Debug|Any CPU.Build.0 = Debug|Any CPU
		{A607CA49-D8A2-4F0F-BB94-7B2485C438B6}.Release|Any CPU.ActiveCfg = Release|Any CPU
		{A607CA49-D8A2-4F0F-BB94-7B2485C438B6}.Release|Any CPU.Build.0 = Release|Any CPU
	EndGlobalSection
	GlobalSection(SolutionProperties) = preSolution
		HideSolutionNode = FALSE
	EndGlobalSection
	GlobalSection(ExtensibilityGlobals) = postSolution
		SolutionGuid = {E03CCF71-E41C-4F4C-9688-D8AE6A862733}
	EndGlobalSection
EndGlobal
